
Microsoft Visual Studio Solution File, Format Version 12.00
# Visual Studio 15
VisualStudioVersion = 15.0.28307.136
MinimumVisualStudioVersion = 10.0.40219.1
Project("{FAE04EC0-301F-11D3-BF4B-00C04F79EFBC}") = "Blazor_Traffic.Server", "Blazor_Traffic.Server\Blazor_Traffic.Server.csproj", "{19AF1E12-B2FA-4CD0-BF9A-7847421573DA}"
EndProject
Project("{FAE04EC0-301F-11D3-BF4B-00C04F79EFBC}") = "Blazor_Traffic.Client", "Blazor_Traffic.Client\Blazor_Traffic.Client.csproj", "{F892E353-6F7A-4E09-8ED1-E0AE655D0AF7}"
EndProject
Project("{FAE04EC0-301F-11D3-BF4B-00C04F79EFBC}") = "Blazor_Traffic.Shared", "Blazor_Traffic.Shared\Blazor_Traffic.Shared.csproj", "{8C1845FC-BC66-4E48-AB69-733BC4F302E3}"
EndProject
Global
	GlobalSection(SolutionConfigurationPlatforms) = preSolution
		Debug|Any CPU = Debug|Any CPU
		Release|Any CPU = Release|Any CPU
	EndGlobalSection
	GlobalSection(ProjectConfigurationPlatforms) = postSolution
		{19AF1E12-B2FA-4CD0-BF9A-7847421573DA}.Debug|Any CPU.ActiveCfg = Debug|Any CPU
		{19AF1E12-B2FA-4CD0-BF9A-7847421573DA}.Debug|Any CPU.Build.0 = Debug|Any CPU
		{19AF1E12-B2FA-4CD0-BF9A-7847421573DA}.Release|Any CPU.ActiveCfg = Release|Any CPU
		{19AF1E12-B2FA-4CD0-BF9A-7847421573DA}.Release|Any CPU.Build.0 = Release|Any CPU
		{F892E353-6F7A-4E09-8ED1-E0AE655D0AF7}.Debug|Any CPU.ActiveCfg = Debug|Any CPU
		{F892E353-6F7A-4E09-8ED1-E0AE655D0AF7}.Debug|Any CPU.Build.0 = Debug|Any CPU
		{F892E353-6F7A-4E09-8ED1-E0AE655D0AF7}.Release|Any CPU.ActiveCfg = Release|Any CPU
		{F892E353-6F7A-4E09-8ED1-E0AE655D0AF7}.Release|Any CPU.Build.0 = Release|Any CPU
		{8C1845FC-BC66-4E48-AB69-733BC4F302E3}.Debug|Any CPU.ActiveCfg = Debug|Any CPU
		{8C1845FC-BC66-4E48-AB69-733BC4F302E3}.Debug|Any CPU.Build.0 = Debug|Any CPU
		{8C1845FC-BC66-4E48-AB69-733BC4F302E3}.Release|Any CPU.ActiveCfg = Release|Any CPU
		{8C1845FC-BC66-4E48-AB69-733BC4F302E3}.Release|Any CPU.Build.0 = Release|Any CPU
	EndGlobalSection
	GlobalSection(SolutionProperties) = preSolution
		HideSolutionNode = FALSE
	EndGlobalSection
	GlobalSection(ExtensibilityGlobals) = postSolution
		SolutionGuid = {EB855030-4F84-4EFE-AE54-8328B395AC2C}
	EndGlobalSection
EndGlobal
